
Microsoft Visual Studio Solution File, Format Version 12.00
# Visual Studio 15
VisualStudioVersion = 15.0.26228.4
MinimumVisualStudioVersion = 10.0.40219.1
Project("{2150E333-8FDC-42A3-9474-1A3956D46DE8}") = "Core", "Core", "{337433D1-10EF-47A1-B33E-6A75BD568528}"
EndProject
Project("{2150E333-8FDC-42A3-9474-1A3956D46DE8}") = "Infrastructure", "Infrastructure", "{42527A9F-8B32-4F90-B891-5D38AA5A8E69}"
EndProject
Project("{2150E333-8FDC-42A3-9474-1A3956D46DE8}") = "UI", "UI", "{93FBB598-A7F0-47F5-A1D5-6A9BFCF4AA09}"
EndProject
Project("{FAE04EC0-301F-11D3-BF4B-00C04F79EFBC}") = "KYHBPA.Entities", "KYHBPA.Entities\KYHBPA.Entities.csproj", "{E2EDB38E-1F37-4DC7-8E53-DA5912EEA535}"
EndProject
Project("{FAE04EC0-301F-11D3-BF4B-00C04F79EFBC}") = "KYHBPA.Web", "KYHBPA.Web\KYHBPA.Web.csproj", "{202050F2-22F2-48A7-8744-1E7B9540E7D8}"
EndProject
Project("{FAE04EC0-301F-11D3-BF4B-00C04F79EFBC}") = "KYHBPA.Data", "KYHBPA.Data\KYHBPA.Data.csproj", "{627E03DA-5F47-462A-B54F-F5B20CDAF9F4}"
EndProject
Project("{FAE04EC0-301F-11D3-BF4B-00C04F79EFBC}") = "KYHBPA.Data.Interfaces", "KYHBPA.Data.Interfaces\KYHBPA.Data.Interfaces.csproj", "{E8B69D84-0D3F-44ED-AF15-1D2D8874999E}"
EndProject
Global
	GlobalSection(SolutionConfigurationPlatforms) = preSolution
		Debug|Any CPU = Debug|Any CPU
		Release|Any CPU = Release|Any CPU
	EndGlobalSection
	GlobalSection(ProjectConfigurationPlatforms) = postSolution
		{E2EDB38E-1F37-4DC7-8E53-DA5912EEA535}.Debug|Any CPU.ActiveCfg = Debug|Any CPU
		{E2EDB38E-1F37-4DC7-8E53-DA5912EEA535}.Debug|Any CPU.Build.0 = Debug|Any CPU
		{E2EDB38E-1F37-4DC7-8E53-DA5912EEA535}.Release|Any CPU.ActiveCfg = Release|Any CPU
		{E2EDB38E-1F37-4DC7-8E53-DA5912EEA535}.Release|Any CPU.Build.0 = Release|Any CPU
		{202050F2-22F2-48A7-8744-1E7B9540E7D8}.Debug|Any CPU.ActiveCfg = Debug|Any CPU
		{202050F2-22F2-48A7-8744-1E7B9540E7D8}.Debug|Any CPU.Build.0 = Debug|Any CPU
		{202050F2-22F2-48A7-8744-1E7B9540E7D8}.Release|Any CPU.ActiveCfg = Release|Any CPU
		{202050F2-22F2-48A7-8744-1E7B9540E7D8}.Release|Any CPU.Build.0 = Release|Any CPU
		{627E03DA-5F47-462A-B54F-F5B20CDAF9F4}.Debug|Any CPU.ActiveCfg = Debug|Any CPU
		{627E03DA-5F47-462A-B54F-F5B20CDAF9F4}.Debug|Any CPU.Build.0 = Debug|Any CPU
		{627E03DA-5F47-462A-B54F-F5B20CDAF9F4}.Release|Any CPU.ActiveCfg = Release|Any CPU
		{627E03DA-5F47-462A-B54F-F5B20CDAF9F4}.Release|Any CPU.Build.0 = Release|Any CPU
		{E8B69D84-0D3F-44ED-AF15-1D2D8874999E}.Debug|Any CPU.ActiveCfg = Debug|Any CPU
		{E8B69D84-0D3F-44ED-AF15-1D2D8874999E}.Debug|Any CPU.Build.0 = Debug|Any CPU
		{E8B69D84-0D3F-44ED-AF15-1D2D8874999E}.Release|Any CPU.ActiveCfg = Release|Any CPU
		{E8B69D84-0D3F-44ED-AF15-1D2D8874999E}.Release|Any CPU.Build.0 = Release|Any CPU
	EndGlobalSection
	GlobalSection(SolutionProperties) = preSolution
		HideSolutionNode = FALSE
	EndGlobalSection
	GlobalSection(NestedProjects) = preSolution
		{E2EDB38E-1F37-4DC7-8E53-DA5912EEA535} = {337433D1-10EF-47A1-B33E-6A75BD568528}
		{202050F2-22F2-48A7-8744-1E7B9540E7D8} = {93FBB598-A7F0-47F5-A1D5-6A9BFCF4AA09}
		{627E03DA-5F47-462A-B54F-F5B20CDAF9F4} = {42527A9F-8B32-4F90-B891-5D38AA5A8E69}
		{E8B69D84-0D3F-44ED-AF15-1D2D8874999E} = {42527A9F-8B32-4F90-B891-5D38AA5A8E69}
	EndGlobalSection
EndGlobal
